{
  "name": "atom-projects-to-vscode",
  "version": "1.0.0",
  "lockfileVersion": 2,
  "requires": true,
  "packages": {
    "": {
      "name": "atom-projects-to-vscode",
      "version": "1.0.0",
      "license": "ISC",
      "dependencies": {
        "cson": "^7.20.0",
        "dasherize": "^2.0.0",
        "lodash.kebabcase": "^4.1.1"
      }
    },
    "node_modules/coffeescript": {
      "version": "1.12.7",
      "resolved": "https://registry.npmjs.org/coffeescript/-/coffeescript-1.12.7.tgz",
      "integrity": "sha512-pLXHFxQMPklVoEekowk8b3erNynC+DVJzChxS/LCBBgR6/8AJkHivkm//zbowcfc7BTCAjryuhx6gPqPRfsFoA==",
      "bin": {
        "cake": "bin/cake",
        "coffee": "bin/coffee"
      },
      "engines": {
        "node": ">=0.8.0"
      }
    },
    "node_modules/cson": {
      "version": "7.20.0",
      "resolved": "https://registry.npmjs.org/cson/-/cson-7.20.0.tgz",
      "integrity": "sha512-K7g/86vC77mJqi6PRFhd3p8U/y0R6SsCeTJb5RpOAaQdApHxCoK5JwfZ8WeJjpOZ6lyyi8tNvh3UuC184H3GWg==",
      "dependencies": {
        "cson-parser": "^4.0.5",
        "extract-opts": "^4.3.0",
        "requirefresh": "^4.12.0",
        "safefs": "^6.12.0"
      },
      "bin": {
        "cson2json": "bin.cjs",
        "json2cson": "bin.cjs"
      },
      "engines": {
        "node": ">=10"
      },
      "funding": {
        "url": "https://bevry.me/fund"
      }
    },
    "node_modules/cson-parser": {
      "version": "4.0.9",
      "resolved": "https://registry.npmjs.org/cson-parser/-/cson-parser-4.0.9.tgz",
      "integrity": "sha512-I79SAcCYquWnEfXYj8hBqOOWKj6eH6zX1hhX3yqmS4K3bYp7jME3UFpHPzu3rUew0oyfc0s8T6IlWGXRAheHag==",
      "dependencies": {
        "coffeescript": "1.12.7"
      },
      "engines": {
        "node": ">=10.13"
      }
    },
    "node_modules/dasherize": {
      "version": "2.0.0",
      "resolved": "https://registry.npmjs.org/dasherize/-/dasherize-2.0.0.tgz",
      "integrity": "sha512-APql/TZ6FdLEpf2z7/X2a2zyqK8juYtqaSVqxw9mYoQ64CXkfU15AeLh8pUszT8+fnYjgm6t0aIYpWKJbnLkuA=="
    },
    "node_modules/eachr": {
      "version": "4.5.0",
      "resolved": "https://registry.npmjs.org/eachr/-/eachr-4.5.0.tgz",
      "integrity": "sha512-9I664RWp6p8jvcHZIwo7bWaiSaUmA1wNSLKwNZEiaYjqiTARq3cGjyRiIunsopZv4QMmX3T5Hs17QoPAzdYxfg==",
      "dependencies": {
        "typechecker": "^6.2.0"
      },
      "engines": {
        "node": ">=8"
      },
      "funding": {
        "url": "https://bevry.me/fund"
      }
    },
    "node_modules/extract-opts": {
      "version": "4.3.0",
      "resolved": "https://registry.npmjs.org/extract-opts/-/extract-opts-4.3.0.tgz",
      "integrity": "sha512-Dmssi1tgKJkQsVmbP7TgW/kbdc42SAsNf6h9ClweP+dS7O24YYMTXsNwPelxhx0LF15npiWwY5ahKtyQiNgxWA==",
      "dependencies": {
        "eachr": "^4.5.0",
        "typechecker": "^6.2.0"
      },
      "engines": {
        "node": ">=8"
      },
      "funding": {
        "url": "https://bevry.me/fund"
      }
    },
    "node_modules/graceful-fs": {
      "version": "4.2.10",
      "resolved": "https://registry.npmjs.org/graceful-fs/-/graceful-fs-4.2.10.tgz",
      "integrity": "sha512-9ByhssR2fPVsNZj478qUUbKfmL0+t5BDVyjShtyZZLiK7ZDAArFFfopyOTj0M05wE2tJPisA4iTnnXl2YoPvOA=="
    },
    "node_modules/lodash.kebabcase": {
      "version": "4.1.1",
      "resolved": "https://registry.npmjs.org/lodash.kebabcase/-/lodash.kebabcase-4.1.1.tgz",
      "integrity": "sha512-N8XRTIMMqqDgSy4VLKPnJ/+hpGZN+PHQiJnSenYqPaVV/NCqEogTnAdZLQiGKhxX+JCs8waWq2t1XHWKOmlY8g=="
    },
    "node_modules/requirefresh": {
      "version": "4.13.0",
      "resolved": "https://registry.npmjs.org/requirefresh/-/requirefresh-4.13.0.tgz",
      "integrity": "sha512-APrzWWxqnwE2Bz3ysFepAU0Dc0aYjn8jsDLFIegedn+KVCS9LykAclkf+6YaJXk3ON9l6QAm04rN+bEA89cGIg==",
      "engines": {
        "node": ">=10"
      },
      "funding": {
        "url": "https://bevry.me/fund"
      }
    },
    "node_modules/safefs": {
      "version": "6.16.0",
      "resolved": "https://registry.npmjs.org/safefs/-/safefs-6.16.0.tgz",
      "integrity": "sha512-IUIN5h+r2acNVkbsM5VoBUsRnaSFwQFZnzyvQsiLlgFsncLi7rrtmM4FsEgwv+xDTJzsrp79rd+/GJu2zWcR9w==",
      "dependencies": {
        "graceful-fs": "^4.2.6"
      },
      "engines": {
        "node": ">=10"
      },
      "funding": {
        "url": "https://bevry.me/fund"
      }
    },
    "node_modules/typechecker": {
      "version": "6.4.0",
      "resolved": "https://registry.npmjs.org/typechecker/-/typechecker-6.4.0.tgz",
      "integrity": "sha512-EbOu+9szY13mhl0EsvLXnR+pTCa3gTHQQPLdce72ujcC9fRHXlVFBNXtHeRhgzLxLlKUh4zA9C0tezLDgshf+A==",
      "engines": {
        "node": ">=8"
      },
      "funding": {
        "url": "https://bevry.me/fund"
      }
    }
  },
  "dependencies": {
    "coffeescript": {
      "version": "1.12.7",
      "resolved": "https://registry.npmjs.org/coffeescript/-/coffeescript-1.12.7.tgz",
      "integrity": "sha512-pLXHFxQMPklVoEekowk8b3erNynC+DVJzChxS/LCBBgR6/8AJkHivkm//zbowcfc7BTCAjryuhx6gPqPRfsFoA=="
    },
    "cson": {
      "version": "7.20.0",
      "resolved": "https://registry.npmjs.org/cson/-/cson-7.20.0.tgz",
      "integrity": "sha512-K7g/86vC77mJqi6PRFhd3p8U/y0R6SsCeTJb5RpOAaQdApHxCoK5JwfZ8WeJjpOZ6lyyi8tNvh3UuC184H3GWg==",
      "requires": {
        "cson-parser": "^4.0.5",
        "extract-opts": "^4.3.0",
        "requirefresh": "^4.12.0",
        "safefs": "^6.12.0"
      }
    },
    "cson-parser": {
      "version": "4.0.9",
      "resolved": "https://registry.npmjs.org/cson-parser/-/cson-parser-4.0.9.tgz",
      "integrity": "sha512-I79SAcCYquWnEfXYj8hBqOOWKj6eH6zX1hhX3yqmS4K3bYp7jME3UFpHPzu3rUew0oyfc0s8T6IlWGXRAheHag==",
      "requires": {
        "coffeescript": "1.12.7"
      }
    },
    "dasherize": {
      "version": "2.0.0",
      "resolved": "https://registry.npmjs.org/dasherize/-/dasherize-2.0.0.tgz",
      "integrity": "sha512-APql/TZ6FdLEpf2z7/X2a2zyqK8juYtqaSVqxw9mYoQ64CXkfU15AeLh8pUszT8+fnYjgm6t0aIYpWKJbnLkuA=="
    },
    "eachr": {
      "version": "4.5.0",
      "resolved": "https://registry.npmjs.org/eachr/-/eachr-4.5.0.tgz",
      "integrity": "sha512-9I664RWp6p8jvcHZIwo7bWaiSaUmA1wNSLKwNZEiaYjqiTARq3cGjyRiIunsopZv4QMmX3T5Hs17QoPAzdYxfg==",
      "requires": {
        "typechecker": "^6.2.0"
      }
    },
    "extract-opts": {
      "version": "4.3.0",
      "resolved": "https://registry.npmjs.org/extract-opts/-/extract-opts-4.3.0.tgz",
      "integrity": "sha512-Dmssi1tgKJkQsVmbP7TgW/kbdc42SAsNf6h9ClweP+dS7O24YYMTXsNwPelxhx0LF15npiWwY5ahKtyQiNgxWA==",
      "requires": {
        "eachr": "^4.5.0",
        "typechecker": "^6.2.0"
      }
    },
    "graceful-fs": {
      "version": "4.2.10",
      "resolved": "https://registry.npmjs.org/graceful-fs/-/graceful-fs-4.2.10.tgz",
      "integrity": "sha512-9ByhssR2fPVsNZj478qUUbKfmL0+t5BDVyjShtyZZLiK7ZDAArFFfopyOTj0M05wE2tJPisA4iTnnXl2YoPvOA=="
    },
    "lodash.kebabcase": {
      "version": "4.1.1",
      "resolved": "https://registry.npmjs.org/lodash.kebabcase/-/lodash.kebabcase-4.1.1.tgz",
      "integrity": "sha512-N8XRTIMMqqDgSy4VLKPnJ/+hpGZN+PHQiJnSenYqPaVV/NCqEogTnAdZLQiGKhxX+JCs8waWq2t1XHWKOmlY8g=="
    },
    "requirefresh": {
      "version": "4.13.0",
      "resolved": "https://registry.npmjs.org/requirefresh/-/requirefresh-4.13.0.tgz",
      "integrity": "sha512-APrzWWxqnwE2Bz3ysFepAU0Dc0aYjn8jsDLFIegedn+KVCS9LykAclkf+6YaJXk3ON9l6QAm04rN+bEA89cGIg=="
    },
    "safefs": {
      "version": "6.16.0",
      "resolved": "https://registry.npmjs.org/safefs/-/safefs-6.16.0.tgz",
      "integrity": "sha512-IUIN5h+r2acNVkbsM5VoBUsRnaSFwQFZnzyvQsiLlgFsncLi7rrtmM4FsEgwv+xDTJzsrp79rd+/GJu2zWcR9w==",
      "requires": {
        "graceful-fs": "^4.2.6"
      }
    },
    "typechecker": {
      "version": "6.4.0",
      "resolved": "https://registry.npmjs.org/typechecker/-/typechecker-6.4.0.tgz",
      "integrity": "sha512-EbOu+9szY13mhl0EsvLXnR+pTCa3gTHQQPLdce72ujcC9fRHXlVFBNXtHeRhgzLxLlKUh4zA9C0tezLDgshf+A=="
    }
  }
}
